// !$*UTF8*$!
{
	archiveVersion = 1;
	classes = {
	};
	objectVersion = 51;
	objects = {

/* Begin PBXBuildFile section */
		0B07CD0444C3BB155691785D /* Pods_ConfigMap.framework in Frameworks */ = {isa = PBXBuildFile; fileRef = 401BB4BA1DB2CB543E89BDFB /* Pods_ConfigMap.framework */; };
		EA8BCF242472819B00E1D9A3 /* AppDelegate.swift in Sources */ = {isa = PBXBuildFile; fileRef = EA8BCF232472819B00E1D9A3 /* AppDelegate.swift */; };
		EA8BCF282472819D00E1D9A3 /* Assets.xcassets in Resources */ = {isa = PBXBuildFile; fileRef = EA8BCF272472819D00E1D9A3 /* Assets.xcassets */; };
		EA8BCF2B2472819D00E1D9A3 /* Main.storyboard in Resources */ = {isa = PBXBuildFile; fileRef = EA8BCF292472819D00E1D9A3 /* Main.storyboard */; };
		EA8BCF3424728E1300E1D9A3 /* XWWindow.swift in Sources */ = {isa = PBXBuildFile; fileRef = EA8BCF3324728E1300E1D9A3 /* XWWindow.swift */; };
		EA8BCF7F24737B3600E1D9A3 /* NSColor+Extension.swift in Sources */ = {isa = PBXBuildFile; fileRef = EA8BCF7E24737B3600E1D9A3 /* NSColor+Extension.swift */; };
		EA8BD0772475149500E1D9A3 /* SettingWindowController.xib in Resources */ = {isa = PBXBuildFile; fileRef = EA8BD0752475149500E1D9A3 /* SettingWindowController.xib */; };
		EA8BD0782475149500E1D9A3 /* SettingWindowController.swift in Sources */ = {isa = PBXBuildFile; fileRef = EA8BD0762475149500E1D9A3 /* SettingWindowController.swift */; };
		EA8BD07A2475271C00E1D9A3 /* SwiftTimer.swift in Sources */ = {isa = PBXBuildFile; fileRef = EA8BD0792475271C00E1D9A3 /* SwiftTimer.swift */; };
/* End PBXBuildFile section */

/* Begin PBXFileReference section */
		401BB4BA1DB2CB543E89BDFB /* Pods_ConfigMap.framework */ = {isa = PBXFileReference; explicitFileType = wrapper.framework; includeInIndex = 0; path = Pods_ConfigMap.framework; sourceTree = BUILT_PRODUCTS_DIR; };
		E8D5E8F227DC08168D039933 /* Pods-ConfigMap.release.xcconfig */ = {isa = PBXFileReference; includeInIndex = 1; lastKnownFileType = text.xcconfig; name = "Pods-ConfigMap.release.xcconfig"; path = "Target Support Files/Pods-ConfigMap/Pods-ConfigMap.release.xcconfig"; sourceTree = "<group>"; };
		EA8BCF202472819B00E1D9A3 /* ConfigMap.app */ = {isa = PBXFileReference; explicitFileType = wrapper.application; includeInIndex = 0; path = ConfigMap.app; sourceTree = BUILT_PRODUCTS_DIR; };
		EA8BCF232472819B00E1D9A3 /* AppDelegate.swift */ = {isa = PBXFileReference; lastKnownFileType = sourcecode.swift; path = AppDelegate.swift; sourceTree = "<group>"; };
		EA8BCF272472819D00E1D9A3 /* Assets.xcassets */ = {isa = PBXFileReference; lastKnownFileType = folder.assetcatalog; path = Assets.xcassets; sourceTree = "<group>"; };
		EA8BCF2A2472819D00E1D9A3 /* Base */ = {isa = PBXFileReference; lastKnownFileType = file.storyboard; name = Base; path = Base.lproj/Main.storyboard; sourceTree = "<group>"; };
		EA8BCF2C2472819D00E1D9A3 /* Info.plist */ = {isa = PBXFileReference; lastKnownFileType = text.plist.xml; path = Info.plist; sourceTree = "<group>"; };
		EA8BCF2D2472819D00E1D9A3 /* ConfigMap.entitlements */ = {isa = PBXFileReference; lastKnownFileType = text.plist.entitlements; path = ConfigMap.entitlements; sourceTree = "<group>"; };
		EA8BCF3324728E1300E1D9A3 /* XWWindow.swift */ = {isa = PBXFileReference; lastKnownFileType = sourcecode.swift; path = XWWindow.swift; sourceTree = "<group>"; };
		EA8BCF7E24737B3600E1D9A3 /* NSColor+Extension.swift */ = {isa = PBXFileReference; lastKnownFileType = sourcecode.swift; path = "NSColor+Extension.swift"; sourceTree = "<group>"; };
		EA8BD0752475149500E1D9A3 /* SettingWindowController.xib */ = {isa = PBXFileReference; fileEncoding = 4; lastKnownFileType = file.xib; path = SettingWindowController.xib; sourceTree = "<group>"; };
		EA8BD0762475149500E1D9A3 /* SettingWindowController.swift */ = {isa = PBXFileReference; fileEncoding = 4; lastKnownFileType = sourcecode.swift; path = SettingWindowController.swift; sourceTree = "<group>"; };
		EA8BD0792475271C00E1D9A3 /* SwiftTimer.swift */ = {isa = PBXFileReference; lastKnownFileType = sourcecode.swift; path = SwiftTimer.swift; sourceTree = "<group>"; };
		FC17337A8D7843CC2D5820F9 /* Pods-ConfigMap.debug.xcconfig */ = {isa = PBXFileReference; includeInIndex = 1; lastKnownFileType = text.xcconfig; name = "Pods-ConfigMap.debug.xcconfig"; path = "Target Support Files/Pods-ConfigMap/Pods-ConfigMap.debug.xcconfig"; sourceTree = "<group>"; };
/* End PBXFileReference section */

/* Begin PBXFrameworksBuildPhase section */
		EA8BCF1D2472819B00E1D9A3 /* Frameworks */ = {
			isa = PBXFrameworksBuildPhase;
			buildActionMask = 2147483647;
			files = (
				0B07CD0444C3BB155691785D /* Pods_ConfigMap.framework in Frameworks */,
			);
			runOnlyForDeploymentPostprocessing = 0;
		};
/* End PBXFrameworksBuildPhase section */

/* Begin PBXGroup section */
		7DB69E57AF8DE3E50166AE17 /* Frameworks */ = {
			isa = PBXGroup;
			children = (
				401BB4BA1DB2CB543E89BDFB /* Pods_ConfigMap.framework */,
			);
			name = Frameworks;
			sourceTree = "<group>";
		};
		CD1954BE374EF5C4ED742582 /* Pods */ = {
			isa = PBXGroup;
			children = (
				FC17337A8D7843CC2D5820F9 /* Pods-ConfigMap.debug.xcconfig */,
				E8D5E8F227DC08168D039933 /* Pods-ConfigMap.release.xcconfig */,
			);
			path = Pods;
			sourceTree = "<group>";
		};
		EA8BCF172472819B00E1D9A3 = {
			isa = PBXGroup;
			children = (
				EA8BCF222472819B00E1D9A3 /* ConfigMap */,
				EA8BCF212472819B00E1D9A3 /* Products */,
				CD1954BE374EF5C4ED742582 /* Pods */,
				7DB69E57AF8DE3E50166AE17 /* Frameworks */,
			);
			sourceTree = "<group>";
		};
		EA8BCF212472819B00E1D9A3 /* Products */ = {
			isa = PBXGroup;
			children = (
				EA8BCF202472819B00E1D9A3 /* ConfigMap.app */,
			);
			name = Products;
			sourceTree = "<group>";
		};
		EA8BCF222472819B00E1D9A3 /* ConfigMap */ = {
			isa = PBXGroup;
			children = (
				EA8BCF7D24737B1000E1D9A3 /* Extension */,
				EA8BCF232472819B00E1D9A3 /* AppDelegate.swift */,
				EA8BCF272472819D00E1D9A3 /* Assets.xcassets */,
				EA8BCF292472819D00E1D9A3 /* Main.storyboard */,
				EA8BCF2C2472819D00E1D9A3 /* Info.plist */,
				EA8BCF2D2472819D00E1D9A3 /* ConfigMap.entitlements */,
				EA8BCF3324728E1300E1D9A3 /* XWWindow.swift */,
				EA8BD0762475149500E1D9A3 /* SettingWindowController.swift */,
				EA8BD0752475149500E1D9A3 /* SettingWindowController.xib */,
				EA8BD0792475271C00E1D9A3 /* SwiftTimer.swift */,
			);
			path = ConfigMap;
			sourceTree = "<group>";
		};
		EA8BCF7D24737B1000E1D9A3 /* Extension */ = {
			isa = PBXGroup;
			children = (
				EA8BCF7E24737B3600E1D9A3 /* NSColor+Extension.swift */,
			);
			path = Extension;
			sourceTree = "<group>";
		};
/* End PBXGroup section */

/* Begin PBXNativeTarget section */
		EA8BCF1F2472819B00E1D9A3 /* ConfigMap */ = {
			isa = PBXNativeTarget;
			buildConfigurationList = EA8BCF302472819D00E1D9A3 /* Build configuration list for PBXNativeTarget "ConfigMap" */;
			buildPhases = (
				A6EEEBA0D14A96F3C200E11B /* [CP] Check Pods Manifest.lock */,
				EA8BCF1C2472819B00E1D9A3 /* Sources */,
				EA8BCF1D2472819B00E1D9A3 /* Frameworks */,
				EA8BCF1E2472819B00E1D9A3 /* Resources */,
				C1ADEFE151E2FEE6060A35FE /* [CP] Embed Pods Frameworks */,
			);
			buildRules = (
			);
			dependencies = (
			);
			name = ConfigMap;
			productName = ConfigMap;
			productReference = EA8BCF202472819B00E1D9A3 /* ConfigMap.app */;
			productType = "com.apple.product-type.application";
		};
/* End PBXNativeTarget section */

/* Begin PBXProject section */
		EA8BCF182472819B00E1D9A3 /* Project object */ = {
			isa = PBXProject;
			attributes = {
				KnownAssetTags = (
					New,
				);
				LastSwiftUpdateCheck = 1140;
				LastUpgradeCheck = 1140;
				ORGANIZATIONNAME = key;
				TargetAttributes = {
					EA8BCF1F2472819B00E1D9A3 = {
						CreatedOnToolsVersion = 11.4.1;
					};
				};
			};
			buildConfigurationList = EA8BCF1B2472819B00E1D9A3 /* Build configuration list for PBXProject "ConfigMap" */;
			compatibilityVersion = "Xcode 9.3";
			developmentRegion = en;
			hasScannedForEncodings = 0;
			knownRegions = (
				en,
				Base,
			);
			mainGroup = EA8BCF172472819B00E1D9A3;
			productRefGroup = EA8BCF212472819B00E1D9A3 /* Products */;
			projectDirPath = "";
			projectRoot = "";
			targets = (
				EA8BCF1F2472819B00E1D9A3 /* ConfigMap */,
			);
		};
/* End PBXProject section */

/* Begin PBXResourcesBuildPhase section */
		EA8BCF1E2472819B00E1D9A3 /* Resources */ = {
			isa = PBXResourcesBuildPhase;
			buildActionMask = 2147483647;
			files = (
				EA8BCF282472819D00E1D9A3 /* Assets.xcassets in Resources */,
				EA8BD0772475149500E1D9A3 /* SettingWindowController.xib in Resources */,
				EA8BCF2B2472819D00E1D9A3 /* Main.storyboard in Resources */,
			);
			runOnlyForDeploymentPostprocessing = 0;
		};
/* End PBXResourcesBuildPhase section */

/* Begin PBXShellScriptBuildPhase section */
		A6EEEBA0D14A96F3C200E11B /* [CP] Check Pods Manifest.lock */ = {
			isa = PBXShellScriptBuildPhase;
			buildActionMask = 2147483647;
			files = (
			);
			inputFileListPaths = (
			);
			inputPaths = (
				"${PODS_PODFILE_DIR_PATH}/Podfile.lock",
				"${PODS_ROOT}/Manifest.lock",
			);
			name = "[CP] Check Pods Manifest.lock";
			outputFileListPaths = (
			);
			outputPaths = (
				"$(DERIVED_FILE_DIR)/Pods-ConfigMap-checkManifestLockResult.txt",
			);
			runOnlyForDeploymentPostprocessing = 0;
			shellPath = /bin/sh;
			shellScript = "diff \"${PODS_PODFILE_DIR_PATH}/Podfile.lock\" \"${PODS_ROOT}/Manifest.lock\" > /dev/null\nif [ $? != 0 ] ; then\n    # print error to STDERR\n    echo \"error: The sandbox is not in sync with the Podfile.lock. Run 'pod install' or update your CocoaPods installation.\" >&2\n    exit 1\nfi\n# This output is used by Xcode 'outputs' to avoid re-running this script phase.\necho \"SUCCESS\" > \"${SCRIPT_OUTPUT_FILE_0}\"\n";
			showEnvVarsInLog = 0;
		};
		C1ADEFE151E2FEE6060A35FE /* [CP] Embed Pods Frameworks */ = {
			isa = PBXShellScriptBuildPhase;
			buildActionMask = 2147483647;
			files = (
			);
			inputFileListPaths = (
				"${PODS_ROOT}/Target Support Files/Pods-ConfigMap/Pods-ConfigMap-frameworks-${CONFIGURATION}-input-files.xcfilelist",
			);
			name = "[CP] Embed Pods Frameworks";
			outputFileListPaths = (
				"${PODS_ROOT}/Target Support Files/Pods-ConfigMap/Pods-ConfigMap-frameworks-${CONFIGURATION}-output-files.xcfilelist",
			);
			runOnlyForDeploymentPostprocessing = 0;
			shellPath = /bin/sh;
			shellScript = "\"${PODS_ROOT}/Target Support Files/Pods-ConfigMap/Pods-ConfigMap-frameworks.sh\"\n";
			showEnvVarsInLog = 0;
		};
/* End PBXShellScriptBuildPhase section */

/* Begin PBXSourcesBuildPhase section */
		EA8BCF1C2472819B00E1D9A3 /* Sources */ = {
			isa = PBXSourcesBuildPhase;
			buildActionMask = 2147483647;
			files = (
				EA8BD07A2475271C00E1D9A3 /* SwiftTimer.swift in Sources */,
				EA8BCF3424728E1300E1D9A3 /* XWWindow.swift in Sources */,
				EA8BCF7F24737B3600E1D9A3 /* NSColor+Extension.swift in Sources */,
				EA8BD0782475149500E1D9A3 /* SettingWindowController.swift in Sources */,
				EA8BCF242472819B00E1D9A3 /* AppDelegate.swift in Sources */,
			);
			runOnlyForDeploymentPostprocessing = 0;
		};
/* End PBXSourcesBuildPhase section */

/* Begin PBXVariantGroup section */
		EA8BCF292472819D00E1D9A3 /* Main.storyboard */ = {
			isa = PBXVariantGroup;
			children = (
				EA8BCF2A2472819D00E1D9A3 /* Base */,
			);
			name = Main.storyboard;
			sourceTree = "<group>";
		};
/* End PBXVariantGroup section */

/* Begin XCBuildConfiguration section */
		EA8BCF2E2472819D00E1D9A3 /* Debug */ = {
			isa = XCBuildConfiguration;
			buildSettings = {
				ALWAYS_SEARCH_USER_PATHS = NO;
				CLANG_ANALYZER_NONNULL = YES;
				CLANG_ANALYZER_NUMBER_OBJECT_CONVERSION = YES_AGGRESSIVE;
				CLANG_CXX_LANGUAGE_STANDARD = "gnu++14";
				CLANG_CXX_LIBRARY = "libc++";
				CLANG_ENABLE_MODULES = YES;
				CLANG_ENABLE_OBJC_ARC = YES;
				CLANG_ENABLE_OBJC_WEAK = YES;
				CLANG_WARN_BLOCK_CAPTURE_AUTORELEASING = YES;
				CLANG_WARN_BOOL_CONVERSION = YES;
				CLANG_WARN_COMMA = YES;
				CLANG_WARN_CONSTANT_CONVERSION = YES;
				CLANG_WARN_DEPRECATED_OBJC_IMPLEMENTATIONS = YES;
				CLANG_WARN_DIRECT_OBJC_ISA_USAGE = YES_ERROR;
				CLANG_WARN_DOCUMENTATION_COMMENTS = YES;
				CLANG_WARN_EMPTY_BODY = YES;
				CLANG_WARN_ENUM_CONVERSION = YES;
				CLANG_WARN_INFINITE_RECURSION = YES;
				CLANG_WARN_INT_CONVERSION = YES;
				CLANG_WARN_NON_LITERAL_NULL_CONVERSION = YES;
				CLANG_WARN_OBJC_IMPLICIT_RETAIN_SELF = YES;
				CLANG_WARN_OBJC_LITERAL_CONVERSION = YES;
				CLANG_WARN_OBJC_ROOT_CLASS = YES_ERROR;
				CLANG_WARN_RANGE_LOOP_ANALYSIS = YES;
				CLANG_WARN_STRICT_PROTOTYPES = YES;
				CLANG_WARN_SUSPICIOUS_MOVE = YES;
				CLANG_WARN_UNGUARDED_AVAILABILITY = YES_AGGRESSIVE;
				CLANG_WARN_UNREACHABLE_CODE = YES;
				CLANG_WARN__DUPLICATE_METHOD_MATCH = YES;
				COPY_PHASE_STRIP = NO;
				DEBUG_INFORMATION_FORMAT = dwarf;
				ENABLE_STRICT_OBJC_MSGSEND = YES;
				ENABLE_TESTABILITY = YES;
				GCC_C_LANGUAGE_STANDARD = gnu11;
				GCC_DYNAMIC_NO_PIC = NO;
				GCC_NO_COMMON_BLOCKS = YES;
				GCC_OPTIMIZATION_LEVEL = 0;
				GCC_PREPROCESSOR_DEFINITIONS = (
					"DEBUG=1",
					"$(inherited)",
				);
				GCC_WARN_64_TO_32_BIT_CONVERSION = YES;
				GCC_WARN_ABOUT_RETURN_TYPE = YES_ERROR;
				GCC_WARN_UNDECLARED_SELECTOR = YES;
				GCC_WARN_UNINITIALIZED_AUTOS = YES_AGGRESSIVE;
				GCC_WARN_UNUSED_FUNCTION = YES;
				GCC_WARN_UNUSED_VARIABLE = YES;
				MACOSX_DEPLOYMENT_TARGET = 10.15;
				MTL_ENABLE_DEBUG_INFO = INCLUDE_SOURCE;
				MTL_FAST_MATH = YES;
				ONLY_ACTIVE_ARCH = YES;
				SDKROOT = macosx;
				SWIFT_ACTIVE_COMPILATION_CONDITIONS = DEBUG;
				SWIFT_OPTIMIZATION_LEVEL = "-Onone";
			};
			name = Debug;
		};
		EA8BCF2F2472819D00E1D9A3 /* Release */ = {
			isa = XCBuildConfiguration;
			buildSettings = {
				ALWAYS_SEARCH_USER_PATHS = NO;
				CLANG_ANALYZER_NONNULL = YES;
				CLANG_ANALYZER_NUMBER_OBJECT_CONVERSION = YES_AGGRESSIVE;
				CLANG_CXX_LANGUAGE_STANDARD = "gnu++14";
				CLANG_CXX_LIBRARY = "libc++";
				CLANG_ENABLE_MODULES = YES;
				CLANG_ENABLE_OBJC_ARC = YES;
				CLANG_ENABLE_OBJC_WEAK = YES;
				CLANG_WARN_BLOCK_CAPTURE_AUTORELEASING = YES;
				CLANG_WARN_BOOL_CONVERSION = YES;
				CLANG_WARN_COMMA = YES;
				CLANG_WARN_CONSTANT_CONVERSION = YES;
				CLANG_WARN_DEPRECATED_OBJC_IMPLEMENTATIONS = YES;
				CLANG_WARN_DIRECT_OBJC_ISA_USAGE = YES_ERROR;
				CLANG_WARN_DOCUMENTATION_COMMENTS = YES;
				CLANG_WARN_EMPTY_BODY = YES;
				CLANG_WARN_ENUM_CONVERSION = YES;
				CLANG_WARN_INFINITE_RECURSION = YES;
				CLANG_WARN_INT_CONVERSION = YES;
				CLANG_WARN_NON_LITERAL_NULL_CONVERSION = YES;
				CLANG_WARN_OBJC_IMPLICIT_RETAIN_SELF = YES;
				CLANG_WARN_OBJC_LITERAL_CONVERSION = YES;
				CLANG_WARN_OBJC_ROOT_CLASS = YES_ERROR;
				CLANG_WARN_RANGE_LOOP_ANALYSIS = YES;
				CLANG_WARN_STRICT_PROTOTYPES = YES;
				CLANG_WARN_SUSPICIOUS_MOVE = YES;
				CLANG_WARN_UNGUARDED_AVAILABILITY = YES_AGGRESSIVE;
				CLANG_WARN_UNREACHABLE_CODE = YES;
				CLANG_WARN__DUPLICATE_METHOD_MATCH = YES;
				COPY_PHASE_STRIP = NO;
				DEBUG_INFORMATION_FORMAT = "dwarf-with-dsym";
				ENABLE_NS_ASSERTIONS = NO;
				ENABLE_STRICT_OBJC_MSGSEND = YES;
				GCC_C_LANGUAGE_STANDARD = gnu11;
				GCC_NO_COMMON_BLOCKS = YES;
				GCC_WARN_64_TO_32_BIT_CONVERSION = YES;
				GCC_WARN_ABOUT_RETURN_TYPE = YES_ERROR;
				GCC_WARN_UNDECLARED_SELECTOR = YES;
				GCC_WARN_UNINITIALIZED_AUTOS = YES_AGGRESSIVE;
				GCC_WARN_UNUSED_FUNCTION = YES;
				GCC_WARN_UNUSED_VARIABLE = YES;
				MACOSX_DEPLOYMENT_TARGET = 10.15;
				MTL_ENABLE_DEBUG_INFO = NO;
				MTL_FAST_MATH = YES;
				SDKROOT = macosx;
				SWIFT_COMPILATION_MODE = wholemodule;
				SWIFT_OPTIMIZATION_LEVEL = "-O";
			};
			name = Release;
		};
		EA8BCF312472819D00E1D9A3 /* Debug */ = {
			isa = XCBuildConfiguration;
			baseConfigurationReference = FC17337A8D7843CC2D5820F9 /* Pods-ConfigMap.debug.xcconfig */;
			buildSettings = {
				ASSETCATALOG_COMPILER_APPICON_NAME = AppIcon;
				CODE_SIGN_ENTITLEMENTS = ConfigMap/ConfigMap.entitlements;
				CODE_SIGN_STYLE = Automatic;
				COMBINE_HIDPI_IMAGES = YES;
				INFOPLIST_FILE = ConfigMap/Info.plist;
				LD_RUNPATH_SEARCH_PATHS = (
					"$(inherited)",
					"@executable_path/../Frameworks",
				);
				PRODUCT_BUNDLE_IDENTIFIER = com.songnide..ConfigMap;
				PRODUCT_NAME = "$(TARGET_NAME)";
				SWIFT_VERSION = 5.0;
			};
			name = Debug;
		};
		EA8BCF322472819D00E1D9A3 /* Release */ = {
			isa = XCBuildConfiguration;
			baseConfigurationReference = E8D5E8F227DC08168D039933 /* Pods-ConfigMap.release.xcconfig */;
			buildSettings = {
				ASSETCATALOG_COMPILER_APPICON_NAME = AppIcon;
				CODE_SIGN_ENTITLEMENTS = ConfigMap/ConfigMap.entitlements;
				CODE_SIGN_STYLE = Automatic;
				COMBINE_HIDPI_IMAGES = YES;
				INFOPLIST_FILE = ConfigMap/Info.plist;
				LD_RUNPATH_SEARCH_PATHS = (
					"$(inherited)",
					"@executable_path/../Frameworks",
				);
				PRODUCT_BUNDLE_IDENTIFIER = com.songnide..ConfigMap;
				PRODUCT_NAME = "$(TARGET_NAME)";
				SWIFT_VERSION = 5.0;
			};
			name = Release;
		};
/* End XCBuildConfiguration section */

/* Begin XCConfigurationList section */
		EA8BCF1B2472819B00E1D9A3 /* Build configuration list for PBXProject "ConfigMap" */ = {
			isa = XCConfigurationList;
			buildConfigurations = (
				EA8BCF2E2472819D00E1D9A3 /* Debug */,
				EA8BCF2F2472819D00E1D9A3 /* Release */,
			);
			defaultConfigurationIsVisible = 0;
			defaultConfigurationName = Release;
		};
		EA8BCF302472819D00E1D9A3 /* Build configuration list for PBXNativeTarget "ConfigMap" */ = {
			isa = XCConfigurationList;
			buildConfigurations = (
				EA8BCF312472819D00E1D9A3 /* Debug */,
				EA8BCF322472819D00E1D9A3 /* Release */,
			);
			defaultConfigurationIsVisible = 0;
			defaultConfigurationName = Release;
		};
/* End XCConfigurationList section */
	};
	rootObject = EA8BCF182472819B00E1D9A3 /* Project object */;
}
